// !$*UTF8*$!
{
	archiveVersion = 1;
	classes = {
	};
	objectVersion = 55;
	objects = {

/* Begin PBXBuildFile section */
		529C043FD6021F37E3586E18 /* Pods_hw25.framework in Frameworks */ = {isa = PBXBuildFile; fileRef = 9FC79DCDECD98DF72C32B075 /* Pods_hw25.framework */; };
		ADEE367628A1162F0064D13D /* AppDelegate.swift in Sources */ = {isa = PBXBuildFile; fileRef = ADEE367528A1162F0064D13D /* AppDelegate.swift */; };
		ADEE367828A1162F0064D13D /* SceneDelegate.swift in Sources */ = {isa = PBXBuildFile; fileRef = ADEE367728A1162F0064D13D /* SceneDelegate.swift */; };
		ADEE367A28A1162F0064D13D /* ViewController.swift in Sources */ = {isa = PBXBuildFile; fileRef = ADEE367928A1162F0064D13D /* ViewController.swift */; };
		ADEE367D28A1162F0064D13D /* Main.storyboard in Resources */ = {isa = PBXBuildFile; fileRef = ADEE367B28A1162F0064D13D /* Main.storyboard */; };
		ADEE367F28A1162F0064D13D /* Assets.xcassets in Resources */ = {isa = PBXBuildFile; fileRef = ADEE367E28A1162F0064D13D /* Assets.xcassets */; };
		ADEE368228A1162F0064D13D /* LaunchScreen.storyboard in Resources */ = {isa = PBXBuildFile; fileRef = ADEE368028A1162F0064D13D /* LaunchScreen.storyboard */; };
/* End PBXBuildFile section */

/* Begin PBXFileReference section */
		35CBDBB47461B6182ADD369C /* Pods-hw25.release.xcconfig */ = {isa = PBXFileReference; includeInIndex = 1; lastKnownFileType = text.xcconfig; name = "Pods-hw25.release.xcconfig"; path = "Target Support Files/Pods-hw25/Pods-hw25.release.xcconfig"; sourceTree = "<group>"; };
		80647F7B1B669F5E29C0610F /* Pods-hw25.debug.xcconfig */ = {isa = PBXFileReference; includeInIndex = 1; lastKnownFileType = text.xcconfig; name = "Pods-hw25.debug.xcconfig"; path = "Target Support Files/Pods-hw25/Pods-hw25.debug.xcconfig"; sourceTree = "<group>"; };
		9FC79DCDECD98DF72C32B075 /* Pods_hw25.framework */ = {isa = PBXFileReference; explicitFileType = wrapper.framework; includeInIndex = 0; path = Pods_hw25.framework; sourceTree = BUILT_PRODUCTS_DIR; };
		ADEE367228A1162F0064D13D /* hw25.app */ = {isa = PBXFileReference; explicitFileType = wrapper.application; includeInIndex = 0; path = hw25.app; sourceTree = BUILT_PRODUCTS_DIR; };
		ADEE367528A1162F0064D13D /* AppDelegate.swift */ = {isa = PBXFileReference; lastKnownFileType = sourcecode.swift; path = AppDelegate.swift; sourceTree = "<group>"; };
		ADEE367728A1162F0064D13D /* SceneDelegate.swift */ = {isa = PBXFileReference; lastKnownFileType = sourcecode.swift; path = SceneDelegate.swift; sourceTree = "<group>"; };
		ADEE367928A1162F0064D13D /* ViewController.swift */ = {isa = PBXFileReference; lastKnownFileType = sourcecode.swift; path = ViewController.swift; sourceTree = "<group>"; };
		ADEE367C28A1162F0064D13D /* Base */ = {isa = PBXFileReference; lastKnownFileType = file.storyboard; name = Base; path = Base.lproj/Main.storyboard; sourceTree = "<group>"; };
		ADEE367E28A1162F0064D13D /* Assets.xcassets */ = {isa = PBXFileReference; lastKnownFileType = folder.assetcatalog; path = Assets.xcassets; sourceTree = "<group>"; };
		ADEE368128A1162F0064D13D /* Base */ = {isa = PBXFileReference; lastKnownFileType = file.storyboard; name = Base; path = Base.lproj/LaunchScreen.storyboard; sourceTree = "<group>"; };
		ADEE368328A1162F0064D13D /* Info.plist */ = {isa = PBXFileReference; lastKnownFileType = text.plist.xml; path = Info.plist; sourceTree = "<group>"; };
/* End PBXFileReference section */

/* Begin PBXFrameworksBuildPhase section */
		ADEE366F28A1162F0064D13D /* Frameworks */ = {
			isa = PBXFrameworksBuildPhase;
			buildActionMask = 2147483647;
			files = (
				529C043FD6021F37E3586E18 /* Pods_hw25.framework in Frameworks */,
			);
			runOnlyForDeploymentPostprocessing = 0;
		};
/* End PBXFrameworksBuildPhase section */

/* Begin PBXGroup section */
		1FEB5A7B3895BD11F371BC67 /* Pods */ = {
			isa = PBXGroup;
			children = (
				80647F7B1B669F5E29C0610F /* Pods-hw25.debug.xcconfig */,
				35CBDBB47461B6182ADD369C /* Pods-hw25.release.xcconfig */,
			);
			path = Pods;
			sourceTree = "<group>";
		};
		AD88730128A2CF7E0003AB16 /* Resources */ = {
			isa = PBXGroup;
			children = (
				ADEE367E28A1162F0064D13D /* Assets.xcassets */,
				ADEE368028A1162F0064D13D /* LaunchScreen.storyboard */,
				ADEE368328A1162F0064D13D /* Info.plist */,
			);
			name = Resources;
			sourceTree = "<group>";
		};
		AD88730228A2CFD30003AB16 /* Sources */ = {
			isa = PBXGroup;
			children = (
				ADEE367528A1162F0064D13D /* AppDelegate.swift */,
				ADEE367728A1162F0064D13D /* SceneDelegate.swift */,
				ADEE367928A1162F0064D13D /* ViewController.swift */,
				ADEE367B28A1162F0064D13D /* Main.storyboard */,
			);
			path = Sources;
			sourceTree = "<group>";
		};
		ADEE366928A1162F0064D13D = {
			isa = PBXGroup;
			children = (
				ADEE367428A1162F0064D13D /* hw25 */,
				ADEE367328A1162F0064D13D /* Products */,
				1FEB5A7B3895BD11F371BC67 /* Pods */,
				C81F8ACE8F10E02A49D7ECFB /* Frameworks */,
			);
			sourceTree = "<group>";
		};
		ADEE367328A1162F0064D13D /* Products */ = {
			isa = PBXGroup;
			children = (
				ADEE367228A1162F0064D13D /* hw25.app */,
			);
			name = Products;
			sourceTree = "<group>";
		};
		ADEE367428A1162F0064D13D /* hw25 */ = {
			isa = PBXGroup;
			children = (
				AD88730228A2CFD30003AB16 /* Sources */,
				AD88730128A2CF7E0003AB16 /* Resources */,
			);
			path = hw25;
			sourceTree = "<group>";
		};
		C81F8ACE8F10E02A49D7ECFB /* Frameworks */ = {
			isa = PBXGroup;
			children = (
				9FC79DCDECD98DF72C32B075 /* Pods_hw25.framework */,
			);
			name = Frameworks;
			sourceTree = "<group>";
		};
/* End PBXGroup section */

/* Begin PBXNativeTarget section */
		ADEE367128A1162F0064D13D /* hw25 */ = {
			isa = PBXNativeTarget;
			buildConfigurationList = ADEE368628A1162F0064D13D /* Build configuration list for PBXNativeTarget "hw25" */;
			buildPhases = (
				8FA516CEB1607D4842BD3789 /* [CP] Check Pods Manifest.lock */,
				ADEE366E28A1162F0064D13D /* Sources */,
				ADEE366F28A1162F0064D13D /* Frameworks */,
				ADEE367028A1162F0064D13D /* Resources */,
				667A1C863C1AEBB098CB1B01 /* [CP] Embed Pods Frameworks */,
			);
			buildRules = (
			);
			dependencies = (
			);
			name = hw25;
			productName = hw25;
			productReference = ADEE367228A1162F0064D13D /* hw25.app */;
			productType = "com.apple.product-type.application";
		};
/* End PBXNativeTarget section */

/* Begin PBXProject section */
		ADEE366A28A1162F0064D13D /* Project object */ = {
			isa = PBXProject;
			attributes = {
				BuildIndependentTargetsInParallel = 1;
				LastSwiftUpdateCheck = 1340;
				LastUpgradeCheck = 1340;
				TargetAttributes = {
					ADEE367128A1162F0064D13D = {
						CreatedOnToolsVersion = 13.4;
					};
				};
			};
			buildConfigurationList = ADEE366D28A1162F0064D13D /* Build configuration list for PBXProject "hw25" */;
			compatibilityVersion = "Xcode 13.0";
			developmentRegion = en;
			hasScannedForEncodings = 0;
			knownRegions = (
				en,
				Base,
			);
			mainGroup = ADEE366928A1162F0064D13D;
			productRefGroup = ADEE367328A1162F0064D13D /* Products */;
			projectDirPath = "";
			projectRoot = "";
			targets = (
				ADEE367128A1162F0064D13D /* hw25 */,
			);
		};
/* End PBXProject section */

/* Begin PBXResourcesBuildPhase section */
		ADEE367028A1162F0064D13D /* Resources */ = {
			isa = PBXResourcesBuildPhase;
			buildActionMask = 2147483647;
			files = (
				ADEE368228A1162F0064D13D /* LaunchScreen.storyboard in Resources */,
				ADEE367F28A1162F0064D13D /* Assets.xcassets in Resources */,
				ADEE367D28A1162F0064D13D /* Main.storyboard in Resources */,
			);
			runOnlyForDeploymentPostprocessing = 0;
		};
/* End PBXResourcesBuildPhase section */

/* Begin PBXShellScriptBuildPhase section */
		667A1C863C1AEBB098CB1B01 /* [CP] Embed Pods Frameworks */ = {
			isa = PBXShellScriptBuildPhase;
			buildActionMask = 2147483647;
			files = (
			);
			inputFileListPaths = (
				"${PODS_ROOT}/Target Support Files/Pods-hw25/Pods-hw25-frameworks-${CONFIGURATION}-input-files.xcfilelist",
			);
			name = "[CP] Embed Pods Frameworks";
			outputFileListPaths = (
				"${PODS_ROOT}/Target Support Files/Pods-hw25/Pods-hw25-frameworks-${CONFIGURATION}-output-files.xcfilelist",
			);
			runOnlyForDeploymentPostprocessing = 0;
			shellPath = /bin/sh;
			shellScript = "\"${PODS_ROOT}/Target Support Files/Pods-hw25/Pods-hw25-frameworks.sh\"\n";
			showEnvVarsInLog = 0;
		};
		8FA516CEB1607D4842BD3789 /* [CP] Check Pods Manifest.lock */ = {
			isa = PBXShellScriptBuildPhase;
			buildActionMask = 2147483647;
			files = (
			);
			inputFileListPaths = (
			);
			inputPaths = (
				"${PODS_PODFILE_DIR_PATH}/Podfile.lock",
				"${PODS_ROOT}/Manifest.lock",
			);
			name = "[CP] Check Pods Manifest.lock";
			outputFileListPaths = (
			);
			outputPaths = (
				"$(DERIVED_FILE_DIR)/Pods-hw25-checkManifestLockResult.txt",
			);
			runOnlyForDeploymentPostprocessing = 0;
			shellPath = /bin/sh;
			shellScript = "diff \"${PODS_PODFILE_DIR_PATH}/Podfile.lock\" \"${PODS_ROOT}/Manifest.lock\" > /dev/null\nif [ $? != 0 ] ; then\n    # print error to STDERR\n    echo \"error: The sandbox is not in sync with the Podfile.lock. Run 'pod install' or update your CocoaPods installation.\" >&2\n    exit 1\nfi\n# This output is used by Xcode 'outputs' to avoid re-running this script phase.\necho \"SUCCESS\" > \"${SCRIPT_OUTPUT_FILE_0}\"\n";
			showEnvVarsInLog = 0;
		};
/* End PBXShellScriptBuildPhase section */

/* Begin PBXSourcesBuildPhase section */
		ADEE366E28A1162F0064D13D /* Sources */ = {
			isa = PBXSourcesBuildPhase;
			buildActionMask = 2147483647;
			files = (
				ADEE367A28A1162F0064D13D /* ViewController.swift in Sources */,
				ADEE367628A1162F0064D13D /* AppDelegate.swift in Sources */,
				ADEE367828A1162F0064D13D /* SceneDelegate.swift in Sources */,
			);
			runOnlyForDeploymentPostprocessing = 0;
		};
/* End PBXSourcesBuildPhase section */

/* Begin PBXVariantGroup section */
		ADEE367B28A1162F0064D13D /* Main.storyboard */ = {
			isa = PBXVariantGroup;
			children = (
				ADEE367C28A1162F0064D13D /* Base */,
			);
			name = Main.storyboard;
			sourceTree = "<group>";
		};
		ADEE368028A1162F0064D13D /* LaunchScreen.storyboard */ = {
			isa = PBXVariantGroup;
			children = (
				ADEE368128A1162F0064D13D /* Base */,
			);
			name = LaunchScreen.storyboard;
			sourceTree = "<group>";
		};
/* End PBXVariantGroup section */

/* Begin XCBuildConfiguration section */
		ADEE368428A1162F0064D13D /* Debug */ = {
			isa = XCBuildConfiguration;
			buildSettings = {
				ALWAYS_SEARCH_USER_PATHS = NO;
				CLANG_ANALYZER_NONNULL = YES;
				CLANG_ANALYZER_NUMBER_OBJECT_CONVERSION = YES_AGGRESSIVE;
				CLANG_CXX_LANGUAGE_STANDARD = "gnu++17";
				CLANG_ENABLE_MODULES = YES;
				CLANG_ENABLE_OBJC_ARC = YES;
				CLANG_ENABLE_OBJC_WEAK = YES;
				CLANG_WARN_BLOCK_CAPTURE_AUTORELEASING = YES;
				CLANG_WARN_BOOL_CONVERSION = YES;
				CLANG_WARN_COMMA = YES;
				CLANG_WARN_CONSTANT_CONVERSION = YES;
				CLANG_WARN_DEPRECATED_OBJC_IMPLEMENTATIONS = YES;
				CLANG_WARN_DIRECT_OBJC_ISA_USAGE = YES_ERROR;
				CLANG_WARN_DOCUMENTATION_COMMENTS = YES;
				CLANG_WARN_EMPTY_BODY = YES;
				CLANG_WARN_ENUM_CONVERSION = YES;
				CLANG_WARN_INFINITE_RECURSION = YES;
				CLANG_WARN_INT_CONVERSION = YES;
				CLANG_WARN_NON_LITERAL_NULL_CONVERSION = YES;
				CLANG_WARN_OBJC_IMPLICIT_RETAIN_SELF = YES;
				CLANG_WARN_OBJC_LITERAL_CONVERSION = YES;
				CLANG_WARN_OBJC_ROOT_CLASS = YES_ERROR;
				CLANG_WARN_QUOTED_INCLUDE_IN_FRAMEWORK_HEADER = YES;
				CLANG_WARN_RANGE_LOOP_ANALYSIS = YES;
				CLANG_WARN_STRICT_PROTOTYPES = YES;
				CLANG_WARN_SUSPICIOUS_MOVE = YES;
				CLANG_WARN_UNGUARDED_AVAILABILITY = YES_AGGRESSIVE;
				CLANG_WARN_UNREACHABLE_CODE = YES;
				CLANG_WARN__DUPLICATE_METHOD_MATCH = YES;
				COPY_PHASE_STRIP = NO;
				DEBUG_INFORMATION_FORMAT = dwarf;
				ENABLE_STRICT_OBJC_MSGSEND = YES;
				ENABLE_TESTABILITY = YES;
				GCC_C_LANGUAGE_STANDARD = gnu11;
				GCC_DYNAMIC_NO_PIC = NO;
				GCC_NO_COMMON_BLOCKS = YES;
				GCC_OPTIMIZATION_LEVEL = 0;
				GCC_PREPROCESSOR_DEFINITIONS = (
					"DEBUG=1",
					"$(inherited)",
				);
				GCC_WARN_64_TO_32_BIT_CONVERSION = YES;
				GCC_WARN_ABOUT_RETURN_TYPE = YES_ERROR;
				GCC_WARN_UNDECLARED_SELECTOR = YES;
				GCC_WARN_UNINITIALIZED_AUTOS = YES_AGGRESSIVE;
				GCC_WARN_UNUSED_FUNCTION = YES;
				GCC_WARN_UNUSED_VARIABLE = YES;
				IPHONEOS_DEPLOYMENT_TARGET = 15.5;
				MTL_ENABLE_DEBUG_INFO = INCLUDE_SOURCE;
				MTL_FAST_MATH = YES;
				ONLY_ACTIVE_ARCH = YES;
				SDKROOT = iphoneos;
				SWIFT_ACTIVE_COMPILATION_CONDITIONS = DEBUG;
				SWIFT_OPTIMIZATION_LEVEL = "-Onone";
			};
			name = Debug;
		};
		ADEE368528A1162F0064D13D /* Release */ = {
			isa = XCBuildConfiguration;
			buildSettings = {
				ALWAYS_SEARCH_USER_PATHS = NO;
				CLANG_ANALYZER_NONNULL = YES;
				CLANG_ANALYZER_NUMBER_OBJECT_CONVERSION = YES_AGGRESSIVE;
				CLANG_CXX_LANGUAGE_STANDARD = "gnu++17";
				CLANG_ENABLE_MODULES = YES;
				CLANG_ENABLE_OBJC_ARC = YES;
				CLANG_ENABLE_OBJC_WEAK = YES;
				CLANG_WARN_BLOCK_CAPTURE_AUTORELEASING = YES;
				CLANG_WARN_BOOL_CONVERSION = YES;
				CLANG_WARN_COMMA = YES;
				CLANG_WARN_CONSTANT_CONVERSION = YES;
				CLANG_WARN_DEPRECATED_OBJC_IMPLEMENTATIONS = YES;
				CLANG_WARN_DIRECT_OBJC_ISA_USAGE = YES_ERROR;
				CLANG_WARN_DOCUMENTATION_COMMENTS = YES;
				CLANG_WARN_EMPTY_BODY = YES;
				CLANG_WARN_ENUM_CONVERSION = YES;
				CLANG_WARN_INFINITE_RECURSION = YES;
				CLANG_WARN_INT_CONVERSION = YES;
				CLANG_WARN_NON_LITERAL_NULL_CONVERSION = YES;
				CLANG_WARN_OBJC_IMPLICIT_RETAIN_SELF = YES;
				CLANG_WARN_OBJC_LITERAL_CONVERSION = YES;
				CLANG_WARN_OBJC_ROOT_CLASS = YES_ERROR;
				CLANG_WARN_QUOTED_INCLUDE_IN_FRAMEWORK_HEADER = YES;
				CLANG_WARN_RANGE_LOOP_ANALYSIS = YES;
				CLANG_WARN_STRICT_PROTOTYPES = YES;
				CLANG_WARN_SUSPICIOUS_MOVE = YES;
				CLANG_WARN_UNGUARDED_AVAILABILITY = YES_AGGRESSIVE;
				CLANG_WARN_UNREACHABLE_CODE = YES;
				CLANG_WARN__DUPLICATE_METHOD_MATCH = YES;
				COPY_PHASE_STRIP = NO;
				DEBUG_INFORMATION_FORMAT = "dwarf-with-dsym";
				ENABLE_NS_ASSERTIONS = NO;
				ENABLE_STRICT_OBJC_MSGSEND = YES;
				GCC_C_LANGUAGE_STANDARD = gnu11;
				GCC_NO_COMMON_BLOCKS = YES;
				GCC_WARN_64_TO_32_BIT_CONVERSION = YES;
				GCC_WARN_ABOUT_RETURN_TYPE = YES_ERROR;
				GCC_WARN_UNDECLARED_SELECTOR = YES;
				GCC_WARN_UNINITIALIZED_AUTOS = YES_AGGRESSIVE;
				GCC_WARN_UNUSED_FUNCTION = YES;
				GCC_WARN_UNUSED_VARIABLE = YES;
				IPHONEOS_DEPLOYMENT_TARGET = 15.5;
				MTL_ENABLE_DEBUG_INFO = NO;
				MTL_FAST_MATH = YES;
				SDKROOT = iphoneos;
				SWIFT_COMPILATION_MODE = wholemodule;
				SWIFT_OPTIMIZATION_LEVEL = "-O";
				VALIDATE_PRODUCT = YES;
			};
			name = Release;
		};
		ADEE368728A1162F0064D13D /* Debug */ = {
			isa = XCBuildConfiguration;
			baseConfigurationReference = 80647F7B1B669F5E29C0610F /* Pods-hw25.debug.xcconfig */;
			buildSettings = {
				ASSETCATALOG_COMPILER_APPICON_NAME = AppIcon;
				ASSETCATALOG_COMPILER_GLOBAL_ACCENT_COLOR_NAME = AccentColor;
				CODE_SIGN_STYLE = Automatic;
				CURRENT_PROJECT_VERSION = 1;
				DEVELOPMENT_TEAM = GSYLUH8A73;
				GENERATE_INFOPLIST_FILE = YES;
				INFOPLIST_FILE = hw25/Info.plist;
				INFOPLIST_KEY_UIApplicationSupportsIndirectInputEvents = YES;
				INFOPLIST_KEY_UILaunchStoryboardName = LaunchScreen;
				INFOPLIST_KEY_UIMainStoryboardFile = Main;
				INFOPLIST_KEY_UISupportedInterfaceOrientations_iPad = "UIInterfaceOrientationPortrait UIInterfaceOrientationPortraitUpsideDown UIInterfaceOrientationLandscapeLeft UIInterfaceOrientationLandscapeRight";
				INFOPLIST_KEY_UISupportedInterfaceOrientations_iPhone = "UIInterfaceOrientationPortrait UIInterfaceOrientationLandscapeLeft UIInterfaceOrientationLandscapeRight";
				LD_RUNPATH_SEARCH_PATHS = (
					"$(inherited)",
					"@executable_path/Frameworks",
				);
				MARKETING_VERSION = 1.0;
				PRODUCT_BUNDLE_IDENTIFIER = com.evgenymakulov.hw25;
				PRODUCT_NAME = "$(TARGET_NAME)";
				SWIFT_EMIT_LOC_STRINGS = YES;
				SWIFT_VERSION = 5.0;
				TARGETED_DEVICE_FAMILY = "1,2";
			};
			name = Debug;
		};
		ADEE368828A1162F0064D13D /* Release */ = {
			isa = XCBuildConfiguration;
			baseConfigurationReference = 35CBDBB47461B6182ADD369C /* Pods-hw25.release.xcconfig */;
			buildSettings = {
				ASSETCATALOG_COMPILER_APPICON_NAME = AppIcon;
				ASSETCATALOG_COMPILER_GLOBAL_ACCENT_COLOR_NAME = AccentColor;
				CODE_SIGN_STYLE = Automatic;
				CURRENT_PROJECT_VERSION = 1;
				DEVELOPMENT_TEAM = GSYLUH8A73;
				GENERATE_INFOPLIST_FILE = YES;
				INFOPLIST_FILE = hw25/Info.plist;
				INFOPLIST_KEY_UIApplicationSupportsIndirectInputEvents = YES;
				INFOPLIST_KEY_UILaunchStoryboardName = LaunchScreen;
				INFOPLIST_KEY_UIMainStoryboardFile = Main;
				INFOPLIST_KEY_UISupportedInterfaceOrientations_iPad = "UIInterfaceOrientationPortrait UIInterfaceOrientationPortraitUpsideDown UIInterfaceOrientationLandscapeLeft UIInterfaceOrientationLandscapeRight";
				INFOPLIST_KEY_UISupportedInterfaceOrientations_iPhone = "UIInterfaceOrientationPortrait UIInterfaceOrientationLandscapeLeft UIInterfaceOrientationLandscapeRight";
				LD_RUNPATH_SEARCH_PATHS = (
					"$(inherited)",
					"@executable_path/Frameworks",
				);
				MARKETING_VERSION = 1.0;
				PRODUCT_BUNDLE_IDENTIFIER = com.evgenymakulov.hw25;
				PRODUCT_NAME = "$(TARGET_NAME)";
				SWIFT_EMIT_LOC_STRINGS = YES;
				SWIFT_VERSION = 5.0;
				TARGETED_DEVICE_FAMILY = "1,2";
			};
			name = Release;
		};
/* End XCBuildConfiguration section */

/* Begin XCConfigurationList section */
		ADEE366D28A1162F0064D13D /* Build configuration list for PBXProject "hw25" */ = {
			isa = XCConfigurationList;
			buildConfigurations = (
				ADEE368428A1162F0064D13D /* Debug */,
				ADEE368528A1162F0064D13D /* Release */,
			);
			defaultConfigurationIsVisible = 0;
			defaultConfigurationName = Release;
		};
		ADEE368628A1162F0064D13D /* Build configuration list for PBXNativeTarget "hw25" */ = {
			isa = XCConfigurationList;
			buildConfigurations = (
				ADEE368728A1162F0064D13D /* Debug */,
				ADEE368828A1162F0064D13D /* Release */,
			);
			defaultConfigurationIsVisible = 0;
			defaultConfigurationName = Release;
		};
/* End XCConfigurationList section */
	};
	rootObject = ADEE366A28A1162F0064D13D /* Project object */;
}
